
Microsoft Visual Studio Solution File, Format Version 12.00
# Visual Studio 15
VisualStudioVersion = 15.0.28307.489
MinimumVisualStudioVersion = 10.0.40219.1
Project("{FAE04EC0-301F-11D3-BF4B-00C04F79EFBC}") = "NumbersGame", "NumbersGame\NumbersGame.csproj", "{45C09567-75CB-4651-AF8E-7461CEB3639A}"
EndProject
Global
	GlobalSection(SolutionConfigurationPlatforms) = preSolution
		Debug|Any CPU = Debug|Any CPU
		Release|Any CPU = Release|Any CPU
	EndGlobalSection
	GlobalSection(ProjectConfigurationPlatforms) = postSolution
		{45C09567-75CB-4651-AF8E-7461CEB3639A}.Debug|Any CPU.ActiveCfg = Debug|Any CPU
		{45C09567-75CB-4651-AF8E-7461CEB3639A}.Debug|Any CPU.Build.0 = Debug|Any CPU
		{45C09567-75CB-4651-AF8E-7461CEB3639A}.Release|Any CPU.ActiveCfg = Release|Any CPU
		{45C09567-75CB-4651-AF8E-7461CEB3639A}.Release|Any CPU.Build.0 = Release|Any CPU
	EndGlobalSection
	GlobalSection(SolutionProperties) = preSolution
		HideSolutionNode = FALSE
	EndGlobalSection
	GlobalSection(ExtensibilityGlobals) = postSolution
		SolutionGuid = {70C6B25B-3443-441D-B76E-6127C2B7FE7C}
	EndGlobalSection
EndGlobal
